
Microsoft Visual Studio Solution File, Format Version 12.00
# Visual Studio Version 17
VisualStudioVersion = 17.8.34511.84
MinimumVisualStudioVersion = 10.0.40219.1
Project("{FAE04EC0-301F-11D3-BF4B-00C04F79EFBC}") = "LT10", "LT10.csproj", "{003ABAFB-3CDE-4130-BC6E-F40747D41066}"
EndProject
Global
	GlobalSection(SolutionConfigurationPlatforms) = preSolution
		Debug|Any CPU = Debug|Any CPU
		Release|Any CPU = Release|Any CPU
	EndGlobalSection
	GlobalSection(ProjectConfigurationPlatforms) = postSolution
		{003ABAFB-3CDE-4130-BC6E-F40747D41066}.Debug|Any CPU.ActiveCfg = Debug|Any CPU
		{003ABAFB-3CDE-4130-BC6E-F40747D41066}.Debug|Any CPU.Build.0 = Debug|Any CPU
		{003ABAFB-3CDE-4130-BC6E-F40747D41066}.Release|Any CPU.ActiveCfg = Release|Any CPU
		{003ABAFB-3CDE-4130-BC6E-F40747D41066}.Release|Any CPU.Build.0 = Release|Any CPU
	EndGlobalSection
	GlobalSection(SolutionProperties) = preSolution
		HideSolutionNode = FALSE
	EndGlobalSection
	GlobalSection(ExtensibilityGlobals) = postSolution
		SolutionGuid = {8E6646A9-ED2C-477E-8988-4CC87D96D8BC}
	EndGlobalSection
EndGlobal
